
Microsoft Visual Studio Solution File, Format Version 12.00
# Visual Studio Version 17
VisualStudioVersion = 17.7.34009.444
MinimumVisualStudioVersion = 10.0.40219.1
Project("{FAE04EC0-301F-11D3-BF4B-00C04F79EFBC}") = "parcial", "parcial\parcial.csproj", "{C38FD6A1-C073-464C-BDE1-0C20D5E320D3}"
EndProject
Global
	GlobalSection(SolutionConfigurationPlatforms) = preSolution
		Debug|Any CPU = Debug|Any CPU
		Release|Any CPU = Release|Any CPU
	EndGlobalSection
	GlobalSection(ProjectConfigurationPlatforms) = postSolution
		{C38FD6A1-C073-464C-BDE1-0C20D5E320D3}.Debug|Any CPU.ActiveCfg = Debug|Any CPU
		{C38FD6A1-C073-464C-BDE1-0C20D5E320D3}.Debug|Any CPU.Build.0 = Debug|Any CPU
		{C38FD6A1-C073-464C-BDE1-0C20D5E320D3}.Release|Any CPU.ActiveCfg = Release|Any CPU
		{C38FD6A1-C073-464C-BDE1-0C20D5E320D3}.Release|Any CPU.Build.0 = Release|Any CPU
	EndGlobalSection
	GlobalSection(SolutionProperties) = preSolution
		HideSolutionNode = FALSE
	EndGlobalSection
	GlobalSection(ExtensibilityGlobals) = postSolution
		SolutionGuid = {E4747A2A-F1D8-4697-B64D-C6DE51785994}
	EndGlobalSection
EndGlobal
